// !$*UTF8*$!
{
	archiveVersion = 1;
	classes = {
	};
	objectVersion = 55;
	objects = {

/* Begin PBXBuildFile section */
		ADEE18C6287E05B400CCA67B /* AppDelegate.swift in Sources */ = {isa = PBXBuildFile; fileRef = ADEE18C5287E05B400CCA67B /* AppDelegate.swift */; };
		ADEE18C8287E05B400CCA67B /* SceneDelegate.swift in Sources */ = {isa = PBXBuildFile; fileRef = ADEE18C7287E05B400CCA67B /* SceneDelegate.swift */; };
		ADEE18CA287E05B400CCA67B /* ViewController.swift in Sources */ = {isa = PBXBuildFile; fileRef = ADEE18C9287E05B400CCA67B /* ViewController.swift */; };
		ADEE18CF287E05B600CCA67B /* Assets.xcassets in Resources */ = {isa = PBXBuildFile; fileRef = ADEE18CE287E05B600CCA67B /* Assets.xcassets */; };
		ADEE18D2287E05B600CCA67B /* LaunchScreen.storyboard in Resources */ = {isa = PBXBuildFile; fileRef = ADEE18D0287E05B600CCA67B /* LaunchScreen.storyboard */; };
		ADEE18DF287E0BE700CCA67B /* GifView.swift in Sources */ = {isa = PBXBuildFile; fileRef = ADEE18DE287E0BE700CCA67B /* GifView.swift */; };
		ADEE18E3287E11FA00CCA67B /* UIViewExtension.swift in Sources */ = {isa = PBXBuildFile; fileRef = ADEE18E2287E11FA00CCA67B /* UIViewExtension.swift */; };
		ADEE18EB287E2FBA00CCA67B /* blink_eyes.gif in Resources */ = {isa = PBXBuildFile; fileRef = ADEE18EA287E2FBA00CCA67B /* blink_eyes.gif */; };
/* End PBXBuildFile section */

/* Begin PBXFileReference section */
		ADEE18C2287E05B400CCA67B /* Gifable.app */ = {isa = PBXFileReference; explicitFileType = wrapper.application; includeInIndex = 0; path = Gifable.app; sourceTree = BUILT_PRODUCTS_DIR; };
		ADEE18C5287E05B400CCA67B /* AppDelegate.swift */ = {isa = PBXFileReference; lastKnownFileType = sourcecode.swift; path = AppDelegate.swift; sourceTree = "<group>"; };
		ADEE18C7287E05B400CCA67B /* SceneDelegate.swift */ = {isa = PBXFileReference; lastKnownFileType = sourcecode.swift; path = SceneDelegate.swift; sourceTree = "<group>"; };
		ADEE18C9287E05B400CCA67B /* ViewController.swift */ = {isa = PBXFileReference; lastKnownFileType = sourcecode.swift; path = ViewController.swift; sourceTree = "<group>"; };
		ADEE18CE287E05B600CCA67B /* Assets.xcassets */ = {isa = PBXFileReference; lastKnownFileType = folder.assetcatalog; path = Assets.xcassets; sourceTree = "<group>"; };
		ADEE18D1287E05B600CCA67B /* Base */ = {isa = PBXFileReference; lastKnownFileType = file.storyboard; name = Base; path = Base.lproj/LaunchScreen.storyboard; sourceTree = "<group>"; };
		ADEE18D3287E05B600CCA67B /* Info.plist */ = {isa = PBXFileReference; lastKnownFileType = text.plist.xml; path = Info.plist; sourceTree = "<group>"; };
		ADEE18DE287E0BE700CCA67B /* GifView.swift */ = {isa = PBXFileReference; lastKnownFileType = sourcecode.swift; path = GifView.swift; sourceTree = "<group>"; };
		ADEE18E2287E11FA00CCA67B /* UIViewExtension.swift */ = {isa = PBXFileReference; lastKnownFileType = sourcecode.swift; path = UIViewExtension.swift; sourceTree = "<group>"; };
		ADEE18EA287E2FBA00CCA67B /* blink_eyes.gif */ = {isa = PBXFileReference; lastKnownFileType = image.gif; path = blink_eyes.gif; sourceTree = "<group>"; };
/* End PBXFileReference section */

/* Begin PBXFrameworksBuildPhase section */
		ADEE18BF287E05B400CCA67B /* Frameworks */ = {
			isa = PBXFrameworksBuildPhase;
			buildActionMask = 2147483647;
			files = (
			);
			runOnlyForDeploymentPostprocessing = 0;
		};
/* End PBXFrameworksBuildPhase section */

/* Begin PBXGroup section */
		ADEE18B9287E05B400CCA67B = {
			isa = PBXGroup;
			children = (
				ADEE18C4287E05B400CCA67B /* Gifable */,
				ADEE18C3287E05B400CCA67B /* Products */,
			);
			sourceTree = "<group>";
		};
		ADEE18C3287E05B400CCA67B /* Products */ = {
			isa = PBXGroup;
			children = (
				ADEE18C2287E05B400CCA67B /* Gifable.app */,
			);
			name = Products;
			sourceTree = "<group>";
		};
		ADEE18C4287E05B400CCA67B /* Gifable */ = {
			isa = PBXGroup;
			children = (
				ADEE18D9287E0B3C00CCA67B /* App */,
				ADEE18E0287E10ED00CCA67B /* Controller */,
				ADEE18DA287E0B5000CCA67B /* Resource */,
				ADEE18E1287E11EF00CCA67B /* Utilities */,
				ADEE18DD287E0BC500CCA67B /* View */,
			);
			path = Gifable;
			sourceTree = "<group>";
		};
		ADEE18D9287E0B3C00CCA67B /* App */ = {
			isa = PBXGroup;
			children = (
				ADEE18C5287E05B400CCA67B /* AppDelegate.swift */,
				ADEE18D0287E05B600CCA67B /* LaunchScreen.storyboard */,
				ADEE18C7287E05B400CCA67B /* SceneDelegate.swift */,
			);
			path = App;
			sourceTree = "<group>";
		};
		ADEE18DA287E0B5000CCA67B /* Resource */ = {
			isa = PBXGroup;
			children = (
				ADEE18CE287E05B600CCA67B /* Assets.xcassets */,
				ADEE18EA287E2FBA00CCA67B /* blink_eyes.gif */,
				ADEE18D3287E05B600CCA67B /* Info.plist */,
			);
			path = Resource;
			sourceTree = "<group>";
		};
		ADEE18DD287E0BC500CCA67B /* View */ = {
			isa = PBXGroup;
			children = (
				ADEE18DE287E0BE700CCA67B /* GifView.swift */,
			);
			path = View;
			sourceTree = "<group>";
		};
		ADEE18E0287E10ED00CCA67B /* Controller */ = {
			isa = PBXGroup;
			children = (
				ADEE18C9287E05B400CCA67B /* ViewController.swift */,
			);
			path = Controller;
			sourceTree = "<group>";
		};
		ADEE18E1287E11EF00CCA67B /* Utilities */ = {
			isa = PBXGroup;
			children = (
				ADEE18E2287E11FA00CCA67B /* UIViewExtension.swift */,
			);
			path = Utilities;
			sourceTree = "<group>";
		};
/* End PBXGroup section */

/* Begin PBXNativeTarget section */
		ADEE18C1287E05B400CCA67B /* Gifable */ = {
			isa = PBXNativeTarget;
			buildConfigurationList = ADEE18D6287E05B600CCA67B /* Build configuration list for PBXNativeTarget "Gifable" */;
			buildPhases = (
				ADEE18BE287E05B400CCA67B /* Sources */,
				ADEE18BF287E05B400CCA67B /* Frameworks */,
				ADEE18C0287E05B400CCA67B /* Resources */,
			);
			buildRules = (
			);
			dependencies = (
			);
			name = Gifable;
			productName = Gifable;
			productReference = ADEE18C2287E05B400CCA67B /* Gifable.app */;
			productType = "com.apple.product-type.application";
		};
/* End PBXNativeTarget section */

/* Begin PBXProject section */
		ADEE18BA287E05B400CCA67B /* Project object */ = {
			isa = PBXProject;
			attributes = {
				BuildIndependentTargetsInParallel = 1;
				LastSwiftUpdateCheck = 1340;
				LastUpgradeCheck = 1340;
				TargetAttributes = {
					ADEE18C1287E05B400CCA67B = {
						CreatedOnToolsVersion = 13.4.1;
					};
				};
			};
			buildConfigurationList = ADEE18BD287E05B400CCA67B /* Build configuration list for PBXProject "Gifable" */;
			compatibilityVersion = "Xcode 13.0";
			developmentRegion = en;
			hasScannedForEncodings = 0;
			knownRegions = (
				en,
				Base,
			);
			mainGroup = ADEE18B9287E05B400CCA67B;
			productRefGroup = ADEE18C3287E05B400CCA67B /* Products */;
			projectDirPath = "";
			projectRoot = "";
			targets = (
				ADEE18C1287E05B400CCA67B /* Gifable */,
			);
		};
/* End PBXProject section */

/* Begin PBXResourcesBuildPhase section */
		ADEE18C0287E05B400CCA67B /* Resources */ = {
			isa = PBXResourcesBuildPhase;
			buildActionMask = 2147483647;
			files = (
				ADEE18D2287E05B600CCA67B /* LaunchScreen.storyboard in Resources */,
				ADEE18EB287E2FBA00CCA67B /* blink_eyes.gif in Resources */,
				ADEE18CF287E05B600CCA67B /* Assets.xcassets in Resources */,
			);
			runOnlyForDeploymentPostprocessing = 0;
		};
/* End PBXResourcesBuildPhase section */

/* Begin PBXSourcesBuildPhase section */
		ADEE18BE287E05B400CCA67B /* Sources */ = {
			isa = PBXSourcesBuildPhase;
			buildActionMask = 2147483647;
			files = (
				ADEE18E3287E11FA00CCA67B /* UIViewExtension.swift in Sources */,
				ADEE18CA287E05B400CCA67B /* ViewController.swift in Sources */,
				ADEE18DF287E0BE700CCA67B /* GifView.swift in Sources */,
				ADEE18C6287E05B400CCA67B /* AppDelegate.swift in Sources */,
				ADEE18C8287E05B400CCA67B /* SceneDelegate.swift in Sources */,
			);
			runOnlyForDeploymentPostprocessing = 0;
		};
/* End PBXSourcesBuildPhase section */

/* Begin PBXVariantGroup section */
		ADEE18D0287E05B600CCA67B /* LaunchScreen.storyboard */ = {
			isa = PBXVariantGroup;
			children = (
				ADEE18D1287E05B600CCA67B /* Base */,
			);
			name = LaunchScreen.storyboard;
			sourceTree = "<group>";
		};
/* End PBXVariantGroup section */

/* Begin XCBuildConfiguration section */
		ADEE18D4287E05B600CCA67B /* Debug */ = {
			isa = XCBuildConfiguration;
			buildSettings = {
				ALWAYS_SEARCH_USER_PATHS = NO;
				CLANG_ANALYZER_NONNULL = YES;
				CLANG_ANALYZER_NUMBER_OBJECT_CONVERSION = YES_AGGRESSIVE;
				CLANG_CXX_LANGUAGE_STANDARD = "gnu++17";
				CLANG_ENABLE_MODULES = YES;
				CLANG_ENABLE_OBJC_ARC = YES;
				CLANG_ENABLE_OBJC_WEAK = YES;
				CLANG_WARN_BLOCK_CAPTURE_AUTORELEASING = YES;
				CLANG_WARN_BOOL_CONVERSION = YES;
				CLANG_WARN_COMMA = YES;
				CLANG_WARN_CONSTANT_CONVERSION = YES;
				CLANG_WARN_DEPRECATED_OBJC_IMPLEMENTATIONS = YES;
				CLANG_WARN_DIRECT_OBJC_ISA_USAGE = YES_ERROR;
				CLANG_WARN_DOCUMENTATION_COMMENTS = YES;
				CLANG_WARN_EMPTY_BODY = YES;
				CLANG_WARN_ENUM_CONVERSION = YES;
				CLANG_WARN_INFINITE_RECURSION = YES;
				CLANG_WARN_INT_CONVERSION = YES;
				CLANG_WARN_NON_LITERAL_NULL_CONVERSION = YES;
				CLANG_WARN_OBJC_IMPLICIT_RETAIN_SELF = YES;
				CLANG_WARN_OBJC_LITERAL_CONVERSION = YES;
				CLANG_WARN_OBJC_ROOT_CLASS = YES_ERROR;
				CLANG_WARN_QUOTED_INCLUDE_IN_FRAMEWORK_HEADER = YES;
				CLANG_WARN_RANGE_LOOP_ANALYSIS = YES;
				CLANG_WARN_STRICT_PROTOTYPES = YES;
				CLANG_WARN_SUSPICIOUS_MOVE = YES;
				CLANG_WARN_UNGUARDED_AVAILABILITY = YES_AGGRESSIVE;
				CLANG_WARN_UNREACHABLE_CODE = YES;
				CLANG_WARN__DUPLICATE_METHOD_MATCH = YES;
				COPY_PHASE_STRIP = NO;
				DEBUG_INFORMATION_FORMAT = dwarf;
				ENABLE_STRICT_OBJC_MSGSEND = YES;
				ENABLE_TESTABILITY = YES;
				GCC_C_LANGUAGE_STANDARD = gnu11;
				GCC_DYNAMIC_NO_PIC = NO;
				GCC_NO_COMMON_BLOCKS = YES;
				GCC_OPTIMIZATION_LEVEL = 0;
				GCC_PREPROCESSOR_DEFINITIONS = (
					"DEBUG=1",
					"$(inherited)",
				);
				GCC_WARN_64_TO_32_BIT_CONVERSION = YES;
				GCC_WARN_ABOUT_RETURN_TYPE = YES_ERROR;
				GCC_WARN_UNDECLARED_SELECTOR = YES;
				GCC_WARN_UNINITIALIZED_AUTOS = YES_AGGRESSIVE;
				GCC_WARN_UNUSED_FUNCTION = YES;
				GCC_WARN_UNUSED_VARIABLE = YES;
				IPHONEOS_DEPLOYMENT_TARGET = 14.0;
				MTL_ENABLE_DEBUG_INFO = INCLUDE_SOURCE;
				MTL_FAST_MATH = YES;
				ONLY_ACTIVE_ARCH = YES;
				SDKROOT = iphoneos;
				SWIFT_ACTIVE_COMPILATION_CONDITIONS = DEBUG;
				SWIFT_OPTIMIZATION_LEVEL = "-Onone";
			};
			name = Debug;
		};
		ADEE18D5287E05B600CCA67B /* Release */ = {
			isa = XCBuildConfiguration;
			buildSettings = {
				ALWAYS_SEARCH_USER_PATHS = NO;
				CLANG_ANALYZER_NONNULL = YES;
				CLANG_ANALYZER_NUMBER_OBJECT_CONVERSION = YES_AGGRESSIVE;
				CLANG_CXX_LANGUAGE_STANDARD = "gnu++17";
				CLANG_ENABLE_MODULES = YES;
				CLANG_ENABLE_OBJC_ARC = YES;
				CLANG_ENABLE_OBJC_WEAK = YES;
				CLANG_WARN_BLOCK_CAPTURE_AUTORELEASING = YES;
				CLANG_WARN_BOOL_CONVERSION = YES;
				CLANG_WARN_COMMA = YES;
				CLANG_WARN_CONSTANT_CONVERSION = YES;
				CLANG_WARN_DEPRECATED_OBJC_IMPLEMENTATIONS = YES;
				CLANG_WARN_DIRECT_OBJC_ISA_USAGE = YES_ERROR;
				CLANG_WARN_DOCUMENTATION_COMMENTS = YES;
				CLANG_WARN_EMPTY_BODY = YES;
				CLANG_WARN_ENUM_CONVERSION = YES;
				CLANG_WARN_INFINITE_RECURSION = YES;
				CLANG_WARN_INT_CONVERSION = YES;
				CLANG_WARN_NON_LITERAL_NULL_CONVERSION = YES;
				CLANG_WARN_OBJC_IMPLICIT_RETAIN_SELF = YES;
				CLANG_WARN_OBJC_LITERAL_CONVERSION = YES;
				CLANG_WARN_OBJC_ROOT_CLASS = YES_ERROR;
				CLANG_WARN_QUOTED_INCLUDE_IN_FRAMEWORK_HEADER = YES;
				CLANG_WARN_RANGE_LOOP_ANALYSIS = YES;
				CLANG_WARN_STRICT_PROTOTYPES = YES;
				CLANG_WARN_SUSPICIOUS_MOVE = YES;
				CLANG_WARN_UNGUARDED_AVAILABILITY = YES_AGGRESSIVE;
				CLANG_WARN_UNREACHABLE_CODE = YES;
				CLANG_WARN__DUPLICATE_METHOD_MATCH = YES;
				COPY_PHASE_STRIP = NO;
				DEBUG_INFORMATION_FORMAT = "dwarf-with-dsym";
				ENABLE_NS_ASSERTIONS = NO;
				ENABLE_STRICT_OBJC_MSGSEND = YES;
				GCC_C_LANGUAGE_STANDARD = gnu11;
				GCC_NO_COMMON_BLOCKS = YES;
				GCC_WARN_64_TO_32_BIT_CONVERSION = YES;
				GCC_WARN_ABOUT_RETURN_TYPE = YES_ERROR;
				GCC_WARN_UNDECLARED_SELECTOR = YES;
				GCC_WARN_UNINITIALIZED_AUTOS = YES_AGGRESSIVE;
				GCC_WARN_UNUSED_FUNCTION = YES;
				GCC_WARN_UNUSED_VARIABLE = YES;
				IPHONEOS_DEPLOYMENT_TARGET = 14.0;
				MTL_ENABLE_DEBUG_INFO = NO;
				MTL_FAST_MATH = YES;
				SDKROOT = iphoneos;
				SWIFT_COMPILATION_MODE = wholemodule;
				SWIFT_OPTIMIZATION_LEVEL = "-O";
				VALIDATE_PRODUCT = YES;
			};
			name = Release;
		};
		ADEE18D7287E05B600CCA67B /* Debug */ = {
			isa = XCBuildConfiguration;
			buildSettings = {
				ASSETCATALOG_COMPILER_APPICON_NAME = AppIcon;
				ASSETCATALOG_COMPILER_GLOBAL_ACCENT_COLOR_NAME = AccentColor;
				CODE_SIGN_STYLE = Automatic;
				CURRENT_PROJECT_VERSION = 1;
				GENERATE_INFOPLIST_FILE = YES;
				INFOPLIST_FILE = Gifable/Resource/Info.plist;
				INFOPLIST_KEY_UIApplicationSupportsIndirectInputEvents = YES;
				INFOPLIST_KEY_UILaunchStoryboardName = LaunchScreen;
				INFOPLIST_KEY_UISupportedInterfaceOrientations = UIInterfaceOrientationPortrait;
				INFOPLIST_KEY_UISupportedInterfaceOrientations_iPad = "UIInterfaceOrientationPortrait UIInterfaceOrientationPortraitUpsideDown UIInterfaceOrientationLandscapeLeft UIInterfaceOrientationLandscapeRight";
				INFOPLIST_KEY_UISupportedInterfaceOrientations_iPhone = "UIInterfaceOrientationPortrait UIInterfaceOrientationLandscapeLeft UIInterfaceOrientationLandscapeRight";
				IPHONEOS_DEPLOYMENT_TARGET = 14.0;
				LD_RUNPATH_SEARCH_PATHS = (
					"$(inherited)",
					"@executable_path/Frameworks",
				);
				MARKETING_VERSION = 1.0;
				PRODUCT_BUNDLE_IDENTIFIER = com.kaangurses.Gifable;
				PRODUCT_NAME = "$(TARGET_NAME)";
				SWIFT_EMIT_LOC_STRINGS = YES;
				SWIFT_VERSION = 5.0;
				TARGETED_DEVICE_FAMILY = "1,2";
			};
			name = Debug;
		};
		ADEE18D8287E05B600CCA67B /* Release */ = {
			isa = XCBuildConfiguration;
			buildSettings = {
				ASSETCATALOG_COMPILER_APPICON_NAME = AppIcon;
				ASSETCATALOG_COMPILER_GLOBAL_ACCENT_COLOR_NAME = AccentColor;
				CODE_SIGN_STYLE = Automatic;
				CURRENT_PROJECT_VERSION = 1;
				GENERATE_INFOPLIST_FILE = YES;
				INFOPLIST_FILE = Gifable/Resource/Info.plist;
				INFOPLIST_KEY_UIApplicationSupportsIndirectInputEvents = YES;
				INFOPLIST_KEY_UILaunchStoryboardName = LaunchScreen;
				INFOPLIST_KEY_UISupportedInterfaceOrientations = UIInterfaceOrientationPortrait;
				INFOPLIST_KEY_UISupportedInterfaceOrientations_iPad = "UIInterfaceOrientationPortrait UIInterfaceOrientationPortraitUpsideDown UIInterfaceOrientationLandscapeLeft UIInterfaceOrientationLandscapeRight";
				INFOPLIST_KEY_UISupportedInterfaceOrientations_iPhone = "UIInterfaceOrientationPortrait UIInterfaceOrientationLandscapeLeft UIInterfaceOrientationLandscapeRight";
				IPHONEOS_DEPLOYMENT_TARGET = 14.0;
				LD_RUNPATH_SEARCH_PATHS = (
					"$(inherited)",
					"@executable_path/Frameworks",
				);
				MARKETING_VERSION = 1.0;
				PRODUCT_BUNDLE_IDENTIFIER = com.kaangurses.Gifable;
				PRODUCT_NAME = "$(TARGET_NAME)";
				SWIFT_EMIT_LOC_STRINGS = YES;
				SWIFT_VERSION = 5.0;
				TARGETED_DEVICE_FAMILY = "1,2";
			};
			name = Release;
		};
/* End XCBuildConfiguration section */

/* Begin XCConfigurationList section */
		ADEE18BD287E05B400CCA67B /* Build configuration list for PBXProject "Gifable" */ = {
			isa = XCConfigurationList;
			buildConfigurations = (
				ADEE18D4287E05B600CCA67B /* Debug */,
				ADEE18D5287E05B600CCA67B /* Release */,
			);
			defaultConfigurationIsVisible = 0;
			defaultConfigurationName = Release;
		};
		ADEE18D6287E05B600CCA67B /* Build configuration list for PBXNativeTarget "Gifable" */ = {
			isa = XCConfigurationList;
			buildConfigurations = (
				ADEE18D7287E05B600CCA67B /* Debug */,
				ADEE18D8287E05B600CCA67B /* Release */,
			);
			defaultConfigurationIsVisible = 0;
			defaultConfigurationName = Release;
		};
/* End XCConfigurationList section */
	};
	rootObject = ADEE18BA287E05B400CCA67B /* Project object */;
}
